
Microsoft Visual Studio Solution File, Format Version 12.00
# Visual Studio Version 16
VisualStudioVersion = 16.0.29009.5
MinimumVisualStudioVersion = 10.0.40219.1
Project("{8BC9CEB8-8B4A-11D0-8D11-00A0C91BC942}") = "BehaviorTree", "BehaviorTree.vcxproj", "{13262252-A7FE-430A-B6FD-96733279618F}"
EndProject
Global
	GlobalSection(SolutionConfigurationPlatforms) = preSolution
		Debug|x64 = Debug|x64
		Release|x64 = Release|x64
	EndGlobalSection
	GlobalSection(ProjectConfigurationPlatforms) = postSolution
		{13262252-A7FE-430A-B6FD-96733279618F}.Debug|x64.ActiveCfg = Debug|x64
		{13262252-A7FE-430A-B6FD-96733279618F}.Debug|x64.Build.0 = Debug|x64
		{13262252-A7FE-430A-B6FD-96733279618F}.Release|x64.ActiveCfg = Release|x64
		{13262252-A7FE-430A-B6FD-96733279618F}.Release|x64.Build.0 = Release|x64
	EndGlobalSection
	GlobalSection(SolutionProperties) = preSolution
		HideSolutionNode = FALSE
	EndGlobalSection
	GlobalSection(ExtensibilityGlobals) = postSolution
		SolutionGuid = {3C9904CE-962D-459B-A7A1-1A5D22E0F13B}
	EndGlobalSection
EndGlobal
